{
  "version": 4,
  "terraform_version": "0.12.7",
  "serial": 3,
  "lineage": "6db5f83d-61e3-ffe7-8319-d5bab434a622",
  "outputs": {},
  "resources": [
    {
      "mode": "managed",
      "type": "helm_release",
      "name": "tensorflow-notebook",
      "provider": "provider.helm",
      "instances": [
        {
          "schema_version": 0,
          "attributes": {
            "atomic": false,
            "chart": "tensorflow-notebook",
            "cleanup_on_fail": false,
            "create_namespace": false,
            "dependency_update": false,
            "description": null,
            "devel": null,
            "disable_crd_hooks": false,
            "disable_openapi_validation": false,
            "disable_webhooks": false,
            "force_update": false,
            "id": "tensorflow-notebook",
            "keyring": null,
            "lint": false,
            "max_history": 0,
            "metadata": [
              {
                "chart": "tensorflow-notebook",
                "name": "tensorflow-notebook",
                "namespace": "default",
                "revision": 1,
                "values": "{\"jupyter\":{\"password\":\"tensorflow\"},\"service\":{\"type\":\"NodePort\"},\"tensorboard\":{\"image\":{\"pullPolicy\":\"Always\",\"repository\":\"tensorflow/tensorflow\",\"tag\":\"latest\"}}}",
                "version": "0.1.3"
              }
            ],
            "name": "tensorflow-notebook",
            "namespace": "default",
            "postrender": [],
            "recreate_pods": false,
            "render_subchart_notes": true,
            "replace": false,
            "repository": "stable",
            "repository_ca_file": null,
            "repository_cert_file": null,
            "repository_key_file": null,
            "repository_password": null,
            "repository_username": null,
            "reset_values": false,
            "reuse_values": false,
            "set": [
              {
                "name": "tensorboard.image.pullPolicy",
                "type": "",
                "value": "Always"
              },
              {
                "name": "tensorboard.image.repository",
                "type": "",
                "value": "tensorflow/tensorflow"
              },
              {
                "name": "tensorboard.image.tag",
                "type": "",
                "value": "latest"
              }
            ],
            "set_sensitive": [],
            "set_string": [],
            "skip_crds": false,
            "status": "deployed",
            "timeout": 300,
            "values": [
              "jupyter:\n  password: tensorflow\ntensorboard:\n  image:\n    pullPolicy: IfNotPresent\nservice:\n  type: NodePort"
            ],
            "verify": false,
            "version": "0.1.3",
            "wait": true
          },
          "private": "bnVsbA==",
          "depends_on": [
            "helm_repository.stable"
          ]
        }
      ]
    },
    {
      "mode": "managed",
      "type": "helm_repository",
      "name": "stable",
      "provider": "provider.helm",
      "instances": [
        {
          "schema_version": 0,
          "attributes": {
            "ca_file": null,
            "cert_file": null,
            "id": "stable",
            "key_file": null,
            "metadata": [
              {
                "name": "stable",
                "url": "https://kubernetes-charts.storage.googleapis.com"
              }
            ],
            "name": "stable",
            "password": null,
            "url": "https://kubernetes-charts.storage.googleapis.com",
            "username": null
          },
          "private": "bnVsbA=="
        }
      ]
    }
  ]
}
